# This file is automatically @generated by Cargo.
# It is not intended for manual editing.
version = 4

[[package]]
name = "ori-broker"
version = "0.1.0"
dependencies = [
 "ori-store",
]

[[package]]
name = "ori-calibration"
version = "0.1.0"
dependencies = [
 "ori-store",
]

[[package]]
name = "ori-cli"
version = "0.1.0"
dependencies = [
 "ori-engine",
]

[[package]]
name = "ori-core"
version = "0.1.0"

[[package]]
name = "ori-desktop"
version = "0.1.0"
dependencies = [
 "ori-engine",
]

[[package]]
name = "ori-engine"
version = "0.1.0"
dependencies = [
 "ori-calibration",
 "ori-flows",
 "ori-integrations",
 "ori-mcp",
 "ori-notify",
 "ori-rpc",
 "ori-watch",
]

[[package]]
name = "ori-flows"
version = "0.1.0"
dependencies = [
 "ori-orchestrator",
 "ori-store",
]

[[package]]
name = "ori-gates"
version = "0.1.0"
dependencies = [
 "ori-core",
 "ori-store",
]

[[package]]
name = "ori-integrations"
version = "0.1.0"
dependencies = [
 "ori-core",
]

[[package]]
name = "ori-mcp"
version = "0.1.0"
dependencies = [
 "ori-memory",
 "ori-store",
]

[[package]]
name = "ori-memory"
version = "0.1.0"
dependencies = [
 "ori-store",
]

[[package]]
name = "ori-notify"
version = "0.1.0"
dependencies = [
 "ori-store",
]

[[package]]
name = "ori-orchestrator"
version = "0.1.0"
dependencies = [
 "ori-core",
 "ori-gates",
 "ori-memory",
 "ori-runtime",
 "ori-store",
]

[[package]]
name = "ori-rpc"
version = "0.1.0"
dependencies = [
 "ori-store",
]

[[package]]
name = "ori-runtime"
version = "0.1.0"
dependencies = [
 "ori-broker",
 "ori-core",
 "ori-store",
]

[[package]]
name = "ori-store"
version = "0.1.0"
dependencies = [
 "ori-core",
]

[[package]]
name = "ori-watch"
version = "0.1.0"
dependencies = [
 "ori-store",
]
