# The planted DEFECT input for gate 7's cargo-audit half (ORI-T-0016).
#
# Spec: spec/CI_CD.md section 1 gate 7.  Proof: ops/gates/gate-7.md.
# Rule: AICD section 14.
#
# THE PLANTED DEFECT: `time 0.1.44`, which carries RUSTSEC-2020-0071,
# "Potential segfault in the time crate", published 2020-11-18, fixed in
# 0.2.23. It is a real advisory against a real published version, so gate 7's
# advisory half is proven against the database it actually reads rather than
# against a mock.
#
# Nothing builds this. See advisory-clean/Cargo.lock for why a lockfile with no
# manifest is the whole fixture, and for the constraint that made it necessary:
# this workspace has zero third-party dependencies and adding one is an
# escalation trigger, so the vulnerable dependency exists only as a name and a
# version in a file cargo never resolves.
#
# An advisory is never withdrawn from the RustSec database once published, so
# unlike the clean input this one does not rot.
#
# This file is automatically @generated by Cargo.
# It is not intended for manual editing.
version = 4

[[package]]
name = "gate-7-advisory-defect"
version = "0.1.0"
dependencies = [
 "time",
]

[[package]]
name = "time"
version = "0.1.44"
source = "registry+https://github.com/rust-lang/crates.io-index"
checksum = "6db9e6914ab8b1ae1c260a4ae7a49b6c5611b40328a735b21862567685e73255"
